
Microsoft Visual Studio Solution File, Format Version 12.00
# Visual Studio Version 16
VisualStudioVersion = 16.0.30406.217
MinimumVisualStudioVersion = 15.0.26124.0
Project("{9A19103F-16F7-4668-BE54-9A1E7A4F7556}") = "Fhi.Smittestopp.Verification.Server", "Fhi.Smittestopp.Verification.Server\Fhi.Smittestopp.Verification.Server.csproj", "{46D67623-E709-4228-833A-CF1216C7F17B}"
EndProject
Project("{9A19103F-16F7-4668-BE54-9A1E7A4F7556}") = "Fhi.Smittestopp.Verification.Tests", "Fhi.Smittestopp.Verification.Tests\Fhi.Smittestopp.Verification.Tests.csproj", "{1A4B89FA-4EA0-4F13-816C-ED962CE6CBCE}"
EndProject
Project("{FAE04EC0-301F-11D3-BF4B-00C04F79EFBC}") = "Fhi.Smittestopp.Verification.Domain", "Fhi.Smittestopp.Verification.Domain\Fhi.Smittestopp.Verification.Domain.csproj", "{33C0048B-3C04-4545-B8B7-7E6FF0293603}"
EndProject
Project("{FAE04EC0-301F-11D3-BF4B-00C04F79EFBC}") = "Fhi.Smittestopp.Verification.Msis", "Fhi.Smittestopp.Verification.Msis\Fhi.Smittestopp.Verification.Msis.csproj", "{7FEF01CD-00FA-40CA-86AC-F811C7D70DC2}"
EndProject
Global
	GlobalSection(SolutionConfigurationPlatforms) = preSolution
		Debug|Any CPU = Debug|Any CPU
		Debug|x64 = Debug|x64
		Debug|x86 = Debug|x86
		Release|Any CPU = Release|Any CPU
		Release|x64 = Release|x64
		Release|x86 = Release|x86
	EndGlobalSection
	GlobalSection(ProjectConfigurationPlatforms) = postSolution
		{46D67623-E709-4228-833A-CF1216C7F17B}.Debug|Any CPU.ActiveCfg = Debug|Any CPU
		{46D67623-E709-4228-833A-CF1216C7F17B}.Debug|Any CPU.Build.0 = Debug|Any CPU
		{46D67623-E709-4228-833A-CF1216C7F17B}.Debug|x64.ActiveCfg = Debug|Any CPU
		{46D67623-E709-4228-833A-CF1216C7F17B}.Debug|x64.Build.0 = Debug|Any CPU
		{46D67623-E709-4228-833A-CF1216C7F17B}.Debug|x86.ActiveCfg = Debug|Any CPU
		{46D67623-E709-4228-833A-CF1216C7F17B}.Debug|x86.Build.0 = Debug|Any CPU
		{46D67623-E709-4228-833A-CF1216C7F17B}.Release|Any CPU.ActiveCfg = Release|Any CPU
		{46D67623-E709-4228-833A-CF1216C7F17B}.Release|Any CPU.Build.0 = Release|Any CPU
		{46D67623-E709-4228-833A-CF1216C7F17B}.Release|x64.ActiveCfg = Release|Any CPU
		{46D67623-E709-4228-833A-CF1216C7F17B}.Release|x64.Build.0 = Release|Any CPU
		{46D67623-E709-4228-833A-CF1216C7F17B}.Release|x86.ActiveCfg = Release|Any CPU
		{46D67623-E709-4228-833A-CF1216C7F17B}.Release|x86.Build.0 = Release|Any CPU
		{1A4B89FA-4EA0-4F13-816C-ED962CE6CBCE}.Debug|Any CPU.ActiveCfg = Debug|Any CPU
		{1A4B89FA-4EA0-4F13-816C-ED962CE6CBCE}.Debug|Any CPU.Build.0 = Debug|Any CPU
		{1A4B89FA-4EA0-4F13-816C-ED962CE6CBCE}.Debug|x64.ActiveCfg = Debug|Any CPU
		{1A4B89FA-4EA0-4F13-816C-ED962CE6CBCE}.Debug|x64.Build.0 = Debug|Any CPU
		{1A4B89FA-4EA0-4F13-816C-ED962CE6CBCE}.Debug|x86.ActiveCfg = Debug|Any CPU
		{1A4B89FA-4EA0-4F13-816C-ED962CE6CBCE}.Debug|x86.Build.0 = Debug|Any CPU
		{1A4B89FA-4EA0-4F13-816C-ED962CE6CBCE}.Release|Any CPU.ActiveCfg = Release|Any CPU
		{1A4B89FA-4EA0-4F13-816C-ED962CE6CBCE}.Release|Any CPU.Build.0 = Release|Any CPU
		{1A4B89FA-4EA0-4F13-816C-ED962CE6CBCE}.Release|x64.ActiveCfg = Release|Any CPU
		{1A4B89FA-4EA0-4F13-816C-ED962CE6CBCE}.Release|x64.Build.0 = Release|Any CPU
		{1A4B89FA-4EA0-4F13-816C-ED962CE6CBCE}.Release|x86.ActiveCfg = Release|Any CPU
		{1A4B89FA-4EA0-4F13-816C-ED962CE6CBCE}.Release|x86.Build.0 = Release|Any CPU
		{33C0048B-3C04-4545-B8B7-7E6FF0293603}.Debug|Any CPU.ActiveCfg = Debug|Any CPU
		{33C0048B-3C04-4545-B8B7-7E6FF0293603}.Debug|Any CPU.Build.0 = Debug|Any CPU
		{33C0048B-3C04-4545-B8B7-7E6FF0293603}.Debug|x64.ActiveCfg = Debug|Any CPU
		{33C0048B-3C04-4545-B8B7-7E6FF0293603}.Debug|x64.Build.0 = Debug|Any CPU
		{33C0048B-3C04-4545-B8B7-7E6FF0293603}.Debug|x86.ActiveCfg = Debug|Any CPU
		{33C0048B-3C04-4545-B8B7-7E6FF0293603}.Debug|x86.Build.0 = Debug|Any CPU
		{33C0048B-3C04-4545-B8B7-7E6FF0293603}.Release|Any CPU.ActiveCfg = Release|Any CPU
		{33C0048B-3C04-4545-B8B7-7E6FF0293603}.Release|Any CPU.Build.0 = Release|Any CPU
		{33C0048B-3C04-4545-B8B7-7E6FF0293603}.Release|x64.ActiveCfg = Release|Any CPU
		{33C0048B-3C04-4545-B8B7-7E6FF0293603}.Release|x64.Build.0 = Release|Any CPU
		{33C0048B-3C04-4545-B8B7-7E6FF0293603}.Release|x86.ActiveCfg = Release|Any CPU
		{33C0048B-3C04-4545-B8B7-7E6FF0293603}.Release|x86.Build.0 = Release|Any CPU
		{7FEF01CD-00FA-40CA-86AC-F811C7D70DC2}.Debug|Any CPU.ActiveCfg = Debug|Any CPU
		{7FEF01CD-00FA-40CA-86AC-F811C7D70DC2}.Debug|Any CPU.Build.0 = Debug|Any CPU
		{7FEF01CD-00FA-40CA-86AC-F811C7D70DC2}.Debug|x64.ActiveCfg = Debug|Any CPU
		{7FEF01CD-00FA-40CA-86AC-F811C7D70DC2}.Debug|x64.Build.0 = Debug|Any CPU
		{7FEF01CD-00FA-40CA-86AC-F811C7D70DC2}.Debug|x86.ActiveCfg = Debug|Any CPU
		{7FEF01CD-00FA-40CA-86AC-F811C7D70DC2}.Debug|x86.Build.0 = Debug|Any CPU
		{7FEF01CD-00FA-40CA-86AC-F811C7D70DC2}.Release|Any CPU.ActiveCfg = Release|Any CPU
		{7FEF01CD-00FA-40CA-86AC-F811C7D70DC2}.Release|Any CPU.Build.0 = Release|Any CPU
		{7FEF01CD-00FA-40CA-86AC-F811C7D70DC2}.Release|x64.ActiveCfg = Release|Any CPU
		{7FEF01CD-00FA-40CA-86AC-F811C7D70DC2}.Release|x64.Build.0 = Release|Any CPU
		{7FEF01CD-00FA-40CA-86AC-F811C7D70DC2}.Release|x86.ActiveCfg = Release|Any CPU
		{7FEF01CD-00FA-40CA-86AC-F811C7D70DC2}.Release|x86.Build.0 = Release|Any CPU
	EndGlobalSection
	GlobalSection(SolutionProperties) = preSolution
		HideSolutionNode = FALSE
	EndGlobalSection
	GlobalSection(ExtensibilityGlobals) = postSolution
		SolutionGuid = {73C47460-6363-4021-947D-68260E7AC695}
	EndGlobalSection
EndGlobal
